{
  "requires": true,
  "lockfileVersion": 1,
  "dependencies": {
    "angular-material": {
      "version": "1.1.7",
      "resolved": "https://registry.npmjs.org/angular-material/-/angular-material-1.1.7.tgz",
      "integrity": "sha512-nIEkTk2BfEmqOLXtBFrc39aAwDsM3oNXOQBUqtTA8cxD0OjTKAnkfJaVPWmqFa/h3pt1JhvP+R2Ispg9/skl4A=="
    },
    "angular-ui-bootstrap": {
      "version": "2.5.6",
      "resolved": "https://registry.npmjs.org/angular-ui-bootstrap/-/angular-ui-bootstrap-2.5.6.tgz",
      "integrity": "sha512-yzcHpPMLQl0232nDzm5P4iAFTFQ9dMw0QgFLuKYbDj9M0xJ62z0oudYD/Lvh1pWfRsukiytP4Xj6BHOSrSXP8A=="
    },
    "angular-ui-router.statehelper": {
      "version": "1.3.1",
      "resolved": "https://registry.npmjs.org/angular-ui-router.statehelper/-/angular-ui-router.statehelper-1.3.1.tgz",
      "integrity": "sha1-RpXGj0rAvZvW+cPIvKrzcSVgfic="
    },
    "ng2-bs3-modal": {
      "version": "0.13.0",
      "resolved": "https://registry.npmjs.org/ng2-bs3-modal/-/ng2-bs3-modal-0.13.0.tgz",
      "integrity": "sha512-rCxLpyTFXGpQOQCm32N4xGTN2roBsmIyUNQw6dFd/2yjVK+t7zmsFSO5IIuHioXAzTVGr4/LHFTOiz0JvJGnbg=="
    }
  }
}
